
Microsoft Visual Studio Solution File, Format Version 12.00
# Visual Studio Version 16
VisualStudioVersion = 16.0.30225.117
MinimumVisualStudioVersion = 10.0.40219.1
Project("{FAE04EC0-301F-11D3-BF4B-00C04F79EFBC}") = "BulkyBook", "BulkyBook\BulkyBook.csproj", "{9862B13B-D456-4A49-9248-7308656325DF}"
EndProject
Global
	GlobalSection(SolutionConfigurationPlatforms) = preSolution
		Debug|Any CPU = Debug|Any CPU
		Release|Any CPU = Release|Any CPU
	EndGlobalSection
	GlobalSection(ProjectConfigurationPlatforms) = postSolution
		{9862B13B-D456-4A49-9248-7308656325DF}.Debug|Any CPU.ActiveCfg = Debug|Any CPU
		{9862B13B-D456-4A49-9248-7308656325DF}.Debug|Any CPU.Build.0 = Debug|Any CPU
		{9862B13B-D456-4A49-9248-7308656325DF}.Release|Any CPU.ActiveCfg = Release|Any CPU
		{9862B13B-D456-4A49-9248-7308656325DF}.Release|Any CPU.Build.0 = Release|Any CPU
	EndGlobalSection
	GlobalSection(SolutionProperties) = preSolution
		HideSolutionNode = FALSE
	EndGlobalSection
	GlobalSection(ExtensibilityGlobals) = postSolution
		SolutionGuid = {5B025C89-FFAB-4E2F-9499-AD1368D319F2}
	EndGlobalSection
EndGlobal
